<?xml version="1.0" encoding="UTF-8" standalone="yes" ?>
<CodeBlocks_project_file>
	<FileVersion major="1" minor="6" />
	<Project>
		<Option title="TPAyED" />
		<Option pch_mode="2" />
		<Option compiler="gcc" />
		<Build>
			<Target title="Debug">
				<Option output="bin/Debug/TPAyED" prefix_auto="1" extension_auto="1" />
				<Option object_output="obj/Debug/" />
				<Option type="1" />
				<Option compiler="gcc" />
				<Compiler>
					<Add option="-g" />
					<Add directory="include" />
				</Compiler>
			</Target>
			<Target title="Release">
				<Option output="bin/Release/TPAyED" prefix_auto="1" extension_auto="1" />
				<Option object_output="obj/Release/" />
				<Option type="1" />
				<Option compiler="gcc" />
				<Compiler>
					<Add option="-O2" />
					<Add directory="include" />
				</Compiler>
				<Linker>
					<Add option="-s" />
				</Linker>
			</Target>
		</Build>
		<Compiler>
			<Add option="-Wall" />
		</Compiler>
		<Unit filename="Bandido.h" />
		<Unit filename="Cajas.h" />
		<Unit filename="Cola.cpp" />
		<Unit filename="Cola.h" />
		<Unit filename="Comanda.cpp" />
		<Unit filename="Comanda.h" />
		<Unit filename="Estacion.cpp" />
		<Unit filename="Estacion.h" />
		<Unit filename="Funciones.cpp" />
		<Unit filename="Funciones.h" />
		<Unit filename="Juego.cpp" />
		<Unit filename="Juego.h" />
		<Unit filename="LecturaArchivos.cpp" />
		<Unit filename="LecturaArchivos.h" />
		<Unit filename="Lista.cpp" />
		<Unit filename="Lista.h" />
		<Unit filename="Mina.cpp" />
		<Unit filename="Mina.h" />
		<Unit filename="Minas.cpp" />
		<Unit filename="Moneda.h" />
		<Unit filename="Parametros.cpp" />
		<Unit filename="Parametros.h" />
		<Unit filename="Pila.cpp" />
		<Unit filename="Pila.h" />
		<Unit filename="Posicion.cpp" />
		<Unit filename="Posicion.h" />
		<Unit filename="Terreno.cpp" />
		<Unit filename="Terreno.h" />
		<Unit filename="locomotora.h" />
		<Unit filename="main.cpp" />
		<Unit filename="vagon.h" />
		<Extensions>
			<code_completion />
			<envvars />
			<debugger />
		</Extensions>
	</Project>
</CodeBlocks_project_file>
